Microsoft Visual Studio Solution File, Format Version 8.00
Project("{8BC9CEB8-8B4A-11D0-8D11-00A0C91BC942}") = "XTool", "XTool7.vcproj", "{2F30761C-5756-4FC3-980D-7E3FA529FC24}"
	ProjectSection(ProjectDependencies) = postProject
	EndProjectSection
EndProject
Project("{8BC9CEB8-8B4A-11D0-8D11-00A0C91BC942}") = "XUtil", "XUtil7.vcproj", "{01979DB6-3844-48EE-B8E5-BD650E351948}"
	ProjectSection(ProjectDependencies) = postProject
	EndProjectSection
EndProject
Global
	GlobalSection(SolutionConfiguration) = preSolution
		Debug = Debug
		DebugMultithreaded = DebugMultithreaded
		DebugMultithreaded DLL = DebugMultithreaded DLL
		Release = Release
		ReleaseMultithreaded = ReleaseMultithreaded
		ReleaseMultithreaded DLL = ReleaseMultithreaded DLL
	EndGlobalSection
	GlobalSection(ProjectConfiguration) = postSolution
		{2F30761C-5756-4FC3-980D-7E3FA529FC24}.Debug.ActiveCfg = Debug|Win32
		{2F30761C-5756-4FC3-980D-7E3FA529FC24}.Debug.Build.0 = Debug|Win32
		{2F30761C-5756-4FC3-980D-7E3FA529FC24}.DebugMultithreaded.ActiveCfg = DebugMultithreaded|Win32
		{2F30761C-5756-4FC3-980D-7E3FA529FC24}.DebugMultithreaded.Build.0 = DebugMultithreaded|Win32
		{2F30761C-5756-4FC3-980D-7E3FA529FC24}.DebugMultithreaded DLL.ActiveCfg = DebugMultithreaded|Win32
		{2F30761C-5756-4FC3-980D-7E3FA529FC24}.DebugMultithreaded DLL.Build.0 = DebugMultithreaded|Win32
		{2F30761C-5756-4FC3-980D-7E3FA529FC24}.Release.ActiveCfg = Release|Win32
		{2F30761C-5756-4FC3-980D-7E3FA529FC24}.Release.Build.0 = Release|Win32
		{2F30761C-5756-4FC3-980D-7E3FA529FC24}.ReleaseMultithreaded.ActiveCfg = ReleaseMultithreaded|Win32
		{2F30761C-5756-4FC3-980D-7E3FA529FC24}.ReleaseMultithreaded.Build.0 = ReleaseMultithreaded|Win32
		{2F30761C-5756-4FC3-980D-7E3FA529FC24}.ReleaseMultithreaded DLL.ActiveCfg = ReleaseMultithreaded|Win32
		{2F30761C-5756-4FC3-980D-7E3FA529FC24}.ReleaseMultithreaded DLL.Build.0 = ReleaseMultithreaded|Win32
		{01979DB6-3844-48EE-B8E5-BD650E351948}.Debug.ActiveCfg = Debug|Win32
		{01979DB6-3844-48EE-B8E5-BD650E351948}.Debug.Build.0 = Debug|Win32
		{01979DB6-3844-48EE-B8E5-BD650E351948}.DebugMultithreaded.ActiveCfg = DebugMultithreaded|Win32
		{01979DB6-3844-48EE-B8E5-BD650E351948}.DebugMultithreaded.Build.0 = DebugMultithreaded|Win32
		{01979DB6-3844-48EE-B8E5-BD650E351948}.DebugMultithreaded DLL.ActiveCfg = DebugMultithreaded DLL|Win32
		{01979DB6-3844-48EE-B8E5-BD650E351948}.DebugMultithreaded DLL.Build.0 = DebugMultithreaded DLL|Win32
		{01979DB6-3844-48EE-B8E5-BD650E351948}.Release.ActiveCfg = Release|Win32
		{01979DB6-3844-48EE-B8E5-BD650E351948}.Release.Build.0 = Release|Win32
		{01979DB6-3844-48EE-B8E5-BD650E351948}.ReleaseMultithreaded.ActiveCfg = ReleaseMultithreaded|Win32
		{01979DB6-3844-48EE-B8E5-BD650E351948}.ReleaseMultithreaded.Build.0 = ReleaseMultithreaded|Win32
		{01979DB6-3844-48EE-B8E5-BD650E351948}.ReleaseMultithreaded DLL.ActiveCfg = ReleaseMultithreaded DLL|Win32
		{01979DB6-3844-48EE-B8E5-BD650E351948}.ReleaseMultithreaded DLL.Build.0 = ReleaseMultithreaded DLL|Win32
	EndGlobalSection
	GlobalSection(ExtensibilityGlobals) = postSolution
	EndGlobalSection
	GlobalSection(ExtensibilityAddIns) = postSolution
	EndGlobalSection
EndGlobal
