Microsoft Visual Studio Solution File, Format Version 8.00
Project("{8BC9CEB8-8B4A-11D0-8D11-00A0C91BC942}") = "TriggerEditor", "TriggerEditor.vcproj", "{AD244313-231B-48E1-8BB9-70B8C3F83FBA}"
	ProjectSection(ProjectDependencies) = postProject
	EndProjectSection
EndProject
Global
	GlobalSection(SolutionConfiguration) = preSolution
		Debug = Debug
		Release = Release
	EndGlobalSection
	GlobalSection(ProjectConfiguration) = postSolution
		{AD244313-231B-48E1-8BB9-70B8C3F83FBA}.Debug.ActiveCfg = Debug|Win32
		{AD244313-231B-48E1-8BB9-70B8C3F83FBA}.Debug.Build.0 = Debug|Win32
		{AD244313-231B-48E1-8BB9-70B8C3F83FBA}.Release.ActiveCfg = Release|Win32
		{AD244313-231B-48E1-8BB9-70B8C3F83FBA}.Release.Build.0 = Release|Win32
	EndGlobalSection
	GlobalSection(ExtensibilityGlobals) = postSolution
	EndGlobalSection
	GlobalSection(ExtensibilityAddIns) = postSolution
	EndGlobalSection
EndGlobal
