Microsoft Visual Studio Solution File, Format Version 7.00
Project("{8BC9CEB8-8B4A-11D0-8D11-00A0C91BC942}") = "PrmEdit", "PrmEdit.vcproj", "{9F938560-DF23-4DA8-9716-85EDF75E3E9C}"
EndProject
Project("{8BC9CEB8-8B4A-11D0-8D11-00A0C91BC942}") = "PrmEditLib", "PrmEditLib.vcproj", "{DAC44070-C2B6-4E5B-BBCD-22B0AF5950DC}"
EndProject
Project("{8BC9CEB8-8B4A-11D0-8D11-00A0C91BC942}") = "XPrm", "XPrm.vcproj", "{C0DE497F-1E2A-41ED-B7DC-47316C43D5ED}"
EndProject
Project("{059D6162-CD51-11D0-AE1F-00A0C90FFFC3}") = "XPrmTest", "XPrmTest.dsp", "{24174439-9673-472C-ABAF-891DE425E7C6}"
EndProject
Global
	GlobalSection(SolutionConfiguration) = preSolution
		ConfigName.0 = Debug
		ConfigName.1 = DebugMT
		ConfigName.2 = Release
		ConfigName.3 = Release MT DLL
	EndGlobalSection
	GlobalSection(ProjectDependencies) = postSolution
	EndGlobalSection
	GlobalSection(ProjectConfiguration) = postSolution
		{9F938560-DF23-4DA8-9716-85EDF75E3E9C}.Debug.ActiveCfg = Debug|Win32
		{9F938560-DF23-4DA8-9716-85EDF75E3E9C}.DebugMT.ActiveCfg = DebugMT|Win32
		{9F938560-DF23-4DA8-9716-85EDF75E3E9C}.Release.ActiveCfg = Release|Win32
		{9F938560-DF23-4DA8-9716-85EDF75E3E9C}.Release.Build.0 = Release|Win32
		{9F938560-DF23-4DA8-9716-85EDF75E3E9C}.Release MT DLL.ActiveCfg = Release|Win32
		{9F938560-DF23-4DA8-9716-85EDF75E3E9C}.Release MT DLL.Build.0 = Release|Win32
		{DAC44070-C2B6-4E5B-BBCD-22B0AF5950DC}.Debug.ActiveCfg = Debug|Win32
		{DAC44070-C2B6-4E5B-BBCD-22B0AF5950DC}.Debug.Build.0 = Debug|Win32
		{DAC44070-C2B6-4E5B-BBCD-22B0AF5950DC}.DebugMT.ActiveCfg = DebugMT|Win32
		{DAC44070-C2B6-4E5B-BBCD-22B0AF5950DC}.DebugMT.Build.0 = DebugMT|Win32
		{DAC44070-C2B6-4E5B-BBCD-22B0AF5950DC}.Release.ActiveCfg = Release|Win32
		{DAC44070-C2B6-4E5B-BBCD-22B0AF5950DC}.Release.Build.0 = Release|Win32
		{DAC44070-C2B6-4E5B-BBCD-22B0AF5950DC}.Release MT DLL.ActiveCfg = Release MT DLL|Win32
		{DAC44070-C2B6-4E5B-BBCD-22B0AF5950DC}.Release MT DLL.Build.0 = Release MT DLL|Win32
		{C0DE497F-1E2A-41ED-B7DC-47316C43D5ED}.Debug.ActiveCfg = Debug|Win32
		{C0DE497F-1E2A-41ED-B7DC-47316C43D5ED}.DebugMT.ActiveCfg = DebugMT|Win32
		{C0DE497F-1E2A-41ED-B7DC-47316C43D5ED}.Release.ActiveCfg = Release|Win32
		{C0DE497F-1E2A-41ED-B7DC-47316C43D5ED}.Release.Build.0 = Release|Win32
		{C0DE497F-1E2A-41ED-B7DC-47316C43D5ED}.Release MT DLL.ActiveCfg = Release|Win32
		{C0DE497F-1E2A-41ED-B7DC-47316C43D5ED}.Release MT DLL.Build.0 = Release|Win32
	EndGlobalSection
	GlobalSection(ExtensibilityGlobals) = postSolution
	EndGlobalSection
	GlobalSection(ExtensibilityAddIns) = postSolution
	EndGlobalSection
EndGlobal
