Microsoft Visual Studio Solution File, Format Version 9.00
# Visual Studio 2005
Project("{8BC9CEB8-8B4A-11D0-8D11-00A0C91BC942}") = "PerimeterSound", "Sound\PerimeterSound.vcproj", "{B41C0D0B-B818-450B-8DD9-7B7671A12AA7}"
EndProject
Project("{8BC9CEB8-8B4A-11D0-8D11-00A0C91BC942}") = "PluginMAX", "PluginMAX\PluginMAX.vcproj", "{E9028DB2-00E0-43C9-A9C3-71750BD08E84}"
EndProject
Project("{8BC9CEB8-8B4A-11D0-8D11-00A0C91BC942}") = "Render", "Render\Render.vcproj", "{62436FE1-3AE7-4093-8A3E-D867BFEDC75A}"
	ProjectSection(ProjectDependencies) = postProject
		{E4B6F8B6-7055-4D0D-9318-CED625D98550} = {E4B6F8B6-7055-4D0D-9318-CED625D98550}
	EndProjectSection
EndProject
Project("{8BC9CEB8-8B4A-11D0-8D11-00A0C91BC942}") = "Scripts", "Scripts.vcproj", "{E4B6F8B6-7055-4D0D-9318-CED625D98550}"
EndProject
Project("{8BC9CEB8-8B4A-11D0-8D11-00A0C91BC942}") = "Tx3D Library", "tx3d\Tx3DLibrary.vcproj", "{BB3F582D-49BE-49C0-A01A-59B72A1D741D}"
EndProject
Project("{8BC9CEB8-8B4A-11D0-8D11-00A0C91BC942}") = "Terra", "Terra\Terra.vcproj", "{C9C324DD-85D1-4135-9191-6CE8F6613E83}"
EndProject
Project("{8BC9CEB8-8B4A-11D0-8D11-00A0C91BC942}") = "Game", "Game.vcproj", "{6C4400BB-8A05-4498-A9D3-E362CCF5B47D}"
	ProjectSection(ProjectDependencies) = postProject
		{A0D452FF-B4A4-47E2-990B-6F212955D967} = {A0D452FF-B4A4-47E2-990B-6F212955D967}
		{62436FE1-3AE7-4093-8A3E-D867BFEDC75A} = {62436FE1-3AE7-4093-8A3E-D867BFEDC75A}
		{C9C324DD-85D1-4135-9191-6CE8F6613E83} = {C9C324DD-85D1-4135-9191-6CE8F6613E83}
		{E4B6F8B6-7055-4D0D-9318-CED625D98550} = {E4B6F8B6-7055-4D0D-9318-CED625D98550}
		{E9028DB2-00E0-43C9-A9C3-71750BD08E84} = {E9028DB2-00E0-43C9-A9C3-71750BD08E84}
		{BB3F582D-49BE-49C0-A01A-59B72A1D741D} = {BB3F582D-49BE-49C0-A01A-59B72A1D741D}
		{B41C0D0B-B818-450B-8DD9-7B7671A12AA7} = {B41C0D0B-B818-450B-8DD9-7B7671A12AA7}
	EndProjectSection
EndProject
Project("{8BC9CEB8-8B4A-11D0-8D11-00A0C91BC942}") = "TriggerEditor", "TriggerEditor\TriggerEditor.vcproj", "{AD244313-231B-48E1-8BB9-70B8C3F83FBA}"
EndProject
Project("{8BC9CEB8-8B4A-11D0-8D11-00A0C91BC942}") = "Peer", "Network\Peer2\peer\Peer.vcproj", "{A0D452FF-B4A4-47E2-990B-6F212955D967}"
EndProject
Global
	GlobalSection(SolutionConfigurationPlatforms) = preSolution
		Debug|Win32 = Debug|Win32
		Final|Win32 = Final|Win32
		Release|Win32 = Release|Win32
	EndGlobalSection
	GlobalSection(ProjectConfigurationPlatforms) = postSolution
		{B41C0D0B-B818-450B-8DD9-7B7671A12AA7}.Debug|Win32.ActiveCfg = Debug|Win32
		{B41C0D0B-B818-450B-8DD9-7B7671A12AA7}.Debug|Win32.Build.0 = Debug|Win32
		{B41C0D0B-B818-450B-8DD9-7B7671A12AA7}.Final|Win32.ActiveCfg = Final|Win32
		{B41C0D0B-B818-450B-8DD9-7B7671A12AA7}.Final|Win32.Build.0 = Final|Win32
		{B41C0D0B-B818-450B-8DD9-7B7671A12AA7}.Release|Win32.ActiveCfg = Release|Win32
		{B41C0D0B-B818-450B-8DD9-7B7671A12AA7}.Release|Win32.Build.0 = Release|Win32
		{E9028DB2-00E0-43C9-A9C3-71750BD08E84}.Debug|Win32.ActiveCfg = Debug|Win32
		{E9028DB2-00E0-43C9-A9C3-71750BD08E84}.Debug|Win32.Build.0 = Debug|Win32
		{E9028DB2-00E0-43C9-A9C3-71750BD08E84}.Final|Win32.ActiveCfg = Final|Win32
		{E9028DB2-00E0-43C9-A9C3-71750BD08E84}.Final|Win32.Build.0 = Final|Win32
		{E9028DB2-00E0-43C9-A9C3-71750BD08E84}.Release|Win32.ActiveCfg = Release|Win32
		{E9028DB2-00E0-43C9-A9C3-71750BD08E84}.Release|Win32.Build.0 = Release|Win32
		{62436FE1-3AE7-4093-8A3E-D867BFEDC75A}.Debug|Win32.ActiveCfg = Debug|Win32
		{62436FE1-3AE7-4093-8A3E-D867BFEDC75A}.Debug|Win32.Build.0 = Debug|Win32
		{62436FE1-3AE7-4093-8A3E-D867BFEDC75A}.Final|Win32.ActiveCfg = Final|Win32
		{62436FE1-3AE7-4093-8A3E-D867BFEDC75A}.Final|Win32.Build.0 = Final|Win32
		{62436FE1-3AE7-4093-8A3E-D867BFEDC75A}.Release|Win32.ActiveCfg = Release|Win32
		{62436FE1-3AE7-4093-8A3E-D867BFEDC75A}.Release|Win32.Build.0 = Release|Win32
		{E4B6F8B6-7055-4D0D-9318-CED625D98550}.Debug|Win32.ActiveCfg = Debug|Win32
		{E4B6F8B6-7055-4D0D-9318-CED625D98550}.Debug|Win32.Build.0 = Debug|Win32
		{E4B6F8B6-7055-4D0D-9318-CED625D98550}.Final|Win32.ActiveCfg = Final|Win32
		{E4B6F8B6-7055-4D0D-9318-CED625D98550}.Final|Win32.Build.0 = Final|Win32
		{E4B6F8B6-7055-4D0D-9318-CED625D98550}.Release|Win32.ActiveCfg = Release|Win32
		{E4B6F8B6-7055-4D0D-9318-CED625D98550}.Release|Win32.Build.0 = Release|Win32
		{BB3F582D-49BE-49C0-A01A-59B72A1D741D}.Debug|Win32.ActiveCfg = Debug|Win32
		{BB3F582D-49BE-49C0-A01A-59B72A1D741D}.Debug|Win32.Build.0 = Debug|Win32
		{BB3F582D-49BE-49C0-A01A-59B72A1D741D}.Final|Win32.ActiveCfg = Final|Win32
		{BB3F582D-49BE-49C0-A01A-59B72A1D741D}.Final|Win32.Build.0 = Final|Win32
		{BB3F582D-49BE-49C0-A01A-59B72A1D741D}.Release|Win32.ActiveCfg = Release|Win32
		{BB3F582D-49BE-49C0-A01A-59B72A1D741D}.Release|Win32.Build.0 = Release|Win32
		{C9C324DD-85D1-4135-9191-6CE8F6613E83}.Debug|Win32.ActiveCfg = Debug|Win32
		{C9C324DD-85D1-4135-9191-6CE8F6613E83}.Debug|Win32.Build.0 = Debug|Win32
		{C9C324DD-85D1-4135-9191-6CE8F6613E83}.Final|Win32.ActiveCfg = Final|Win32
		{C9C324DD-85D1-4135-9191-6CE8F6613E83}.Final|Win32.Build.0 = Final|Win32
		{C9C324DD-85D1-4135-9191-6CE8F6613E83}.Release|Win32.ActiveCfg = Release|Win32
		{C9C324DD-85D1-4135-9191-6CE8F6613E83}.Release|Win32.Build.0 = Release|Win32
		{6C4400BB-8A05-4498-A9D3-E362CCF5B47D}.Debug|Win32.ActiveCfg = Debug|Win32
		{6C4400BB-8A05-4498-A9D3-E362CCF5B47D}.Debug|Win32.Build.0 = Debug|Win32
		{6C4400BB-8A05-4498-A9D3-E362CCF5B47D}.Final|Win32.ActiveCfg = Final|Win32
		{6C4400BB-8A05-4498-A9D3-E362CCF5B47D}.Final|Win32.Build.0 = Final|Win32
		{6C4400BB-8A05-4498-A9D3-E362CCF5B47D}.Release|Win32.ActiveCfg = Release|Win32
		{6C4400BB-8A05-4498-A9D3-E362CCF5B47D}.Release|Win32.Build.0 = Release|Win32
		{AD244313-231B-48E1-8BB9-70B8C3F83FBA}.Debug|Win32.ActiveCfg = Debug|Win32
		{AD244313-231B-48E1-8BB9-70B8C3F83FBA}.Debug|Win32.Build.0 = Debug|Win32
		{AD244313-231B-48E1-8BB9-70B8C3F83FBA}.Final|Win32.ActiveCfg = Release|Win32
		{AD244313-231B-48E1-8BB9-70B8C3F83FBA}.Final|Win32.Build.0 = Release|Win32
		{AD244313-231B-48E1-8BB9-70B8C3F83FBA}.Release|Win32.ActiveCfg = Release|Win32
		{AD244313-231B-48E1-8BB9-70B8C3F83FBA}.Release|Win32.Build.0 = Release|Win32
		{A0D452FF-B4A4-47E2-990B-6F212955D967}.Debug|Win32.ActiveCfg = Debug|Win32
		{A0D452FF-B4A4-47E2-990B-6F212955D967}.Debug|Win32.Build.0 = Debug|Win32
		{A0D452FF-B4A4-47E2-990B-6F212955D967}.Final|Win32.ActiveCfg = Final|Win32
		{A0D452FF-B4A4-47E2-990B-6F212955D967}.Final|Win32.Build.0 = Final|Win32
		{A0D452FF-B4A4-47E2-990B-6F212955D967}.Release|Win32.ActiveCfg = Release|Win32
		{A0D452FF-B4A4-47E2-990B-6F212955D967}.Release|Win32.Build.0 = Release|Win32
	EndGlobalSection
	GlobalSection(SolutionProperties) = preSolution
		HideSolutionNode = FALSE
	EndGlobalSection
	GlobalSection(DPCodeReviewSolutionGUID) = preSolution
		DPCodeReviewSolutionGUID = {00000000-0000-0000-0000-000000000000}
	EndGlobalSection
EndGlobal
